
Microsoft Visual Studio Solution File, Format Version 12.00
# Visual Studio Version 17
VisualStudioVersion = 17.3.32825.248
MinimumVisualStudioVersion = 10.0.40219.1
Project("{FAE04EC0-301F-11D3-BF4B-00C04F79EFBC}") = "CarServiceApp", "CarServiceApp\CarServiceApp.csproj", "{C502D493-0A5C-4D9A-B6E8-3E1CB62644F9}"
EndProject
Global
	GlobalSection(SolutionConfigurationPlatforms) = preSolution
		Debug|Any CPU = Debug|Any CPU
		Release|Any CPU = Release|Any CPU
	EndGlobalSection
	GlobalSection(ProjectConfigurationPlatforms) = postSolution
		{C502D493-0A5C-4D9A-B6E8-3E1CB62644F9}.Debug|Any CPU.ActiveCfg = Debug|Any CPU
		{C502D493-0A5C-4D9A-B6E8-3E1CB62644F9}.Debug|Any CPU.Build.0 = Debug|Any CPU
		{C502D493-0A5C-4D9A-B6E8-3E1CB62644F9}.Release|Any CPU.ActiveCfg = Release|Any CPU
		{C502D493-0A5C-4D9A-B6E8-3E1CB62644F9}.Release|Any CPU.Build.0 = Release|Any CPU
	EndGlobalSection
	GlobalSection(SolutionProperties) = preSolution
		HideSolutionNode = FALSE
	EndGlobalSection
	GlobalSection(ExtensibilityGlobals) = postSolution
		SolutionGuid = {386E659A-9D9F-441F-B309-2261B9852E8A}
	EndGlobalSection
EndGlobal
